
Microsoft Visual Studio Solution File, Format Version 12.00
# Visual Studio Version 16
VisualStudioVersion = 16.0.31205.134
MinimumVisualStudioVersion = 10.0.40219.1
Project("{9A19103F-16F7-4668-BE54-9A1E7A4F7556}") = "MatrixPrinter", "ConsoleApp1\MatrixPrinter.csproj", "{DDAAE4FE-0434-409E-AA37-1047C8CB548C}"
EndProject
Global
	GlobalSection(SolutionConfigurationPlatforms) = preSolution
		Debug|Any CPU = Debug|Any CPU
		Release|Any CPU = Release|Any CPU
	EndGlobalSection
	GlobalSection(ProjectConfigurationPlatforms) = postSolution
		{DDAAE4FE-0434-409E-AA37-1047C8CB548C}.Debug|Any CPU.ActiveCfg = Debug|Any CPU
		{DDAAE4FE-0434-409E-AA37-1047C8CB548C}.Debug|Any CPU.Build.0 = Debug|Any CPU
		{DDAAE4FE-0434-409E-AA37-1047C8CB548C}.Release|Any CPU.ActiveCfg = Release|Any CPU
		{DDAAE4FE-0434-409E-AA37-1047C8CB548C}.Release|Any CPU.Build.0 = Release|Any CPU
	EndGlobalSection
	GlobalSection(SolutionProperties) = preSolution
		HideSolutionNode = FALSE
	EndGlobalSection
	GlobalSection(ExtensibilityGlobals) = postSolution
		SolutionGuid = {BC344D13-C08B-4174-9CC8-BB07C95F3DF2}
	EndGlobalSection
EndGlobal
